%{
  "cerlc": {:hex, :cerlc, "0.2.1", "cfe0880aa049ebcca079ca49578055aa48e7f2e9ed8ae08bd1f919d59015d03f", [:rebar3], [], "hexpm", "37f0d74a4277dcbaf64c7c47e9953dcc8060d26d86bb466ab2a86928e0181a7d"},
  "circuits_gpio": {:hex, :circuits_gpio, "2.3.0", "4cd57af097b81fe95d59a1653bde836c987325b41201c8e5bce262e15274c439", [:make, :mix], [{:elixir_make, "~> 0.6", [hex: :elixir_make, repo: "hexpm", optional: false]}], "hexpm", "5729eb2e572e0962c72ca1d5c9c8854ab344d662e9ac1cef30c0297d10733292"},
  "circuits_i2c": {:hex, :circuits_i2c, "2.1.0", "0656ea5d106744c498a8cd778f39c0685ab574e3da7159814cfbfe709001f0e5", [:make, :mix], [{:elixir_make, "~> 0.6", [hex: :elixir_make, repo: "hexpm", optional: false]}], "hexpm", "3751a875a9d728080fdbc5fd352f728d4746a82e17e52f4444c406200349f6ac"},
  "circuits_sim": {:hex, :circuits_sim, "0.1.2", "0339cd0be91e0e878b79cbaa399a933686f7155991c46df5d978b5971ecd4390", [:mix], [{:cerlc, "~> 0.2.1", [hex: :cerlc, repo: "hexpm", optional: false]}, {:circuits_gpio, "~> 2.0", [hex: :circuits_gpio, repo: "hexpm", optional: false]}, {:circuits_i2c, "~> 2.0", [hex: :circuits_i2c, repo: "hexpm", optional: false]}, {:circuits_spi, "~> 2.0", [hex: :circuits_spi, repo: "hexpm", optional: false]}], "hexpm", "7ff34010f417c2c902f3b2995bd2c2fe0d7981188adf92fa73ae6b9e3c57323d"},
  "circuits_spi": {:hex, :circuits_spi, "2.1.0", "94a72345c728474fa8b60d8f0d1bdf521fe53d9800f22f2b0ee5aff448dbf29b", [:make, :mix], [{:elixir_make, "~> 0.6", [hex: :elixir_make, repo: "hexpm", optional: false]}], "hexpm", "c578e47439f0aa59a109cc509122e5a7a684d93777b291d9413f231176e23c97"},
  "elixir_make": {:hex, :elixir_make, "0.10.0", "16577e2583a79bb79237bbff349619ef5d80afffc07eac6e4faf0d00e2ddaf7d", [:mix], [], "hexpm", "dc1f09fb7fa68866b886abd5f0f3c83553b1a19a52359a899e92af1bb3b31982"},
  "fsm_diagram": {:hex, :fsm_diagram, "0.1.0", "0691b65b1047b44bf16a3ed0e23a7954ae34154c8186740a38be13328fb62db5", [:mix], [], "hexpm", "1afa80835557ecbb3e413f192a370c74065a244575a322ebfaf082e0be086776"},
}
